# THIS IS AN AUTOGENERATED FILE. DO NOT EDIT THIS FILE DIRECTLY.
# yarn lockfile v1


encoding@^0.1.11:
  version "0.1.12"
  resolved "https://registry.yarnpkg.com/encoding/-/encoding-0.1.12.tgz#538b66f3ee62cd1ab51ec323829d1f9480c74beb"
  dependencies:
    iconv-lite "~0.4.13"

iconv-lite@~0.4.13:
  version "0.4.13"
  resolved "https://registry.yarnpkg.com/iconv-lite/-/iconv-lite-0.4.13.tgz#1f88aba4ab0b1508e8312acc39345f36e992e2f2"

is-stream@^1.0.1:
  version "1.1.0"
  resolved "https://registry.yarnpkg.com/is-stream/-/is-stream-1.1.0.tgz#12d4a3dd4e68e0b79ceb8dbc84173ae80d91ca44"

isomorphic-unfetch@^1.0.0:
  version "1.0.0"
  resolved "https://registry.yarnpkg.com/isomorphic-unfetch/-/isomorphic-unfetch-1.0.0.tgz#aab414b6d764bbd1b8ee6257ad8f1f77e5407574"
  dependencies:
    node-fetch "^1.6.3"
    unfetch "^2.1.0"

lodash@^4.17.2:
  version "4.17.4"
  resolved "https://registry.yarnpkg.com/lodash/-/lodash-4.17.4.tgz#78203a4d1c328ae1d86dca6460e369b57f4055ae"

node-fetch@^1.6.3:
  version "1.7.0"
  resolved "https://registry.yarnpkg.com/node-fetch/-/node-fetch-1.7.0.tgz#3ff6c56544f9b7fb00682338bb55ee6f54a8a0ef"
  dependencies:
    encoding "^0.1.11"
    is-stream "^1.0.1"

unfetch@^2.1.0:
  version "2.1.2"
  resolved "https://registry.yarnpkg.com/unfetch/-/unfetch-2.1.2.tgz#684fee4d8acdb135bdb26c0364c642fc326ca95b"
